// !$*UTF8*$!
{
	archiveVersion = 1;
	classes = {
	};
	objectVersion = 77;
	objects = {

/* Begin PBXBuildFile section */
		E103CA032E4E6B76007662B4 /* Phidget22.framework in Frameworks */ = {isa = PBXBuildFile; fileRef = E103C8B72E4E67CE007662B4 /* Phidget22.framework */; };
		E174BE3D2E5137A000BB3125 /* RoboSantaSpeaker in CopyFiles */ = {isa = PBXBuildFile; fileRef = E174BE312E51361B00BB3125 /* RoboSantaSpeaker */; settings = {ATTRIBUTES = (CodeSignOnCopy, ); }; };
		E1AAC2482E4EBCC5005E9045 /* FoundationModels.framework in Frameworks */ = {isa = PBXBuildFile; fileRef = E130C9742E4EA505009DCC95 /* FoundationModels.framework */; };
/* End PBXBuildFile section */

/* Begin PBXContainerItemProxy section */
		E174BE3B2E51376300BB3125 /* PBXContainerItemProxy */ = {
			isa = PBXContainerItemProxy;
			containerPortal = E103C7612E4E671D007662B4 /* Project object */;
			proxyType = 1;
			remoteGlobalIDString = E174BE302E51361B00BB3125;
			remoteInfo = RoboSantaSpeaker;
		};
/* End PBXContainerItemProxy section */

/* Begin PBXCopyFilesBuildPhase section */
		E103C7672E4E671D007662B4 /* CopyFiles */ = {
			isa = PBXCopyFilesBuildPhase;
			buildActionMask = 2147483647;
			dstPath = "";
			dstSubfolderSpec = 6;
			files = (
				E174BE3D2E5137A000BB3125 /* RoboSantaSpeaker in CopyFiles */,
			);
			runOnlyForDeploymentPostprocessing = 1;
		};
		E174BE2F2E51361B00BB3125 /* CopyFiles */ = {
			isa = PBXCopyFilesBuildPhase;
			buildActionMask = 2147483647;
			dstPath = /usr/share/man/man1/;
			dstSubfolderSpec = 0;
			files = (
			);
			runOnlyForDeploymentPostprocessing = 1;
		};
/* End PBXCopyFilesBuildPhase section */

/* Begin PBXFileReference section */
		E103C7692E4E671D007662B4 /* RoboSanta */ = {isa = PBXFileReference; explicitFileType = "compiled.mach-o.executable"; includeInIndex = 0; path = RoboSanta; sourceTree = BUILT_PRODUCTS_DIR; };
		E103C8B62E4E67CE007662B4 /* Phidget22Extra.framework */ = {isa = PBXFileReference; lastKnownFileType = wrapper.framework; name = Phidget22Extra.framework; path = ../../../../Library/Frameworks/Phidget22Extra.framework; sourceTree = "<group>"; };
		E103C8B72E4E67CE007662B4 /* Phidget22.framework */ = {isa = PBXFileReference; lastKnownFileType = wrapper.framework; name = Phidget22.framework; path = ../../../../Library/Frameworks/Phidget22.framework; sourceTree = "<group>"; };
		E130C9742E4EA505009DCC95 /* FoundationModels.framework */ = {isa = PBXFileReference; lastKnownFileType = wrapper.framework; name = FoundationModels.framework; path = System/Library/Frameworks/FoundationModels.framework; sourceTree = SDKROOT; };
		E174BC322E51349700BB3125 /* RoboSantaSpeaker.xcodeproj */ = {isa = PBXFileReference; lastKnownFileType = "wrapper.pb-project"; path = RoboSantaSpeaker.xcodeproj; sourceTree = "<group>"; };
		E174BE312E51361B00BB3125 /* RoboSantaSpeaker */ = {isa = PBXFileReference; explicitFileType = "compiled.mach-o.executable"; includeInIndex = 0; path = RoboSantaSpeaker; sourceTree = BUILT_PRODUCTS_DIR; };
		E1ACC93E2E51D25700368AA9 /* ExtensionFoundation.framework */ = {isa = PBXFileReference; lastKnownFileType = wrapper.framework; name = ExtensionFoundation.framework; path = System/Library/Frameworks/ExtensionFoundation.framework; sourceTree = SDKROOT; };
		E1ACC9402E51D26400368AA9 /* ModelIO.framework */ = {isa = PBXFileReference; lastKnownFileType = wrapper.framework; name = ModelIO.framework; path = System/Library/Frameworks/ModelIO.framework; sourceTree = SDKROOT; };
/* End PBXFileReference section */

/* Begin PBXFileSystemSynchronizedRootGroup section */
		E103C76B2E4E671D007662B4 /* RoboSanta */ = {
			isa = PBXFileSystemSynchronizedRootGroup;
			path = RoboSanta;
			sourceTree = "<group>";
		};
		E174BE322E51361B00BB3125 /* RoboSantaSpeaker */ = {
			isa = PBXFileSystemSynchronizedRootGroup;
			path = RoboSantaSpeaker;
			sourceTree = "<group>";
		};
/* End PBXFileSystemSynchronizedRootGroup section */

/* Begin PBXFrameworksBuildPhase section */
		E103C7662E4E671D007662B4 /* Frameworks */ = {
			isa = PBXFrameworksBuildPhase;
			buildActionMask = 2147483647;
			files = (
				E103CA032E4E6B76007662B4 /* Phidget22.framework in Frameworks */,
				E1AAC2482E4EBCC5005E9045 /* FoundationModels.framework in Frameworks */,
			);
			runOnlyForDeploymentPostprocessing = 0;
		};
		E174BE2E2E51361B00BB3125 /* Frameworks */ = {
			isa = PBXFrameworksBuildPhase;
			buildActionMask = 2147483647;
			files = (
			);
			runOnlyForDeploymentPostprocessing = 0;
		};
/* End PBXFrameworksBuildPhase section */

/* Begin PBXGroup section */
		E103C7602E4E671D007662B4 = {
			isa = PBXGroup;
			children = (
				E103C76B2E4E671D007662B4 /* RoboSanta */,
				E174BE322E51361B00BB3125 /* RoboSantaSpeaker */,
				E103C8B52E4E67CE007662B4 /* Frameworks */,
				E103C76A2E4E671D007662B4 /* Products */,
			);
			sourceTree = "<group>";
		};
		E103C76A2E4E671D007662B4 /* Products */ = {
			isa = PBXGroup;
			children = (
				E103C7692E4E671D007662B4 /* RoboSanta */,
				E174BE312E51361B00BB3125 /* RoboSantaSpeaker */,
			);
			name = Products;
			sourceTree = "<group>";
		};
		E103C8B52E4E67CE007662B4 /* Frameworks */ = {
			isa = PBXGroup;
			children = (
				E1ACC9402E51D26400368AA9 /* ModelIO.framework */,
				E1ACC93E2E51D25700368AA9 /* ExtensionFoundation.framework */,
				E130C9742E4EA505009DCC95 /* FoundationModels.framework */,
				E103C8B72E4E67CE007662B4 /* Phidget22.framework */,
				E103C8B62E4E67CE007662B4 /* Phidget22Extra.framework */,
			);
			name = Frameworks;
			sourceTree = "<group>";
		};
		E174BC332E51349700BB3125 /* Products */ = {
			isa = PBXGroup;
			children = (
			);
			name = Products;
			sourceTree = "<group>";
		};
/* End PBXGroup section */

/* Begin PBXNativeTarget section */
		E103C7682E4E671D007662B4 /* RoboSanta */ = {
			isa = PBXNativeTarget;
			buildConfigurationList = E103C7702E4E671D007662B4 /* Build configuration list for PBXNativeTarget "RoboSanta" */;
			buildPhases = (
				E103C7652E4E671D007662B4 /* Sources */,
				E103C7662E4E671D007662B4 /* Frameworks */,
				E103C7672E4E671D007662B4 /* CopyFiles */,
			);
			buildRules = (
			);
			dependencies = (
				E174BE3C2E51376300BB3125 /* PBXTargetDependency */,
			);
			fileSystemSynchronizedGroups = (
				E103C76B2E4E671D007662B4 /* RoboSanta */,
			);
			name = RoboSanta;
			packageProductDependencies = (
			);
			productName = RoboSanta;
			productReference = E103C7692E4E671D007662B4 /* RoboSanta */;
			productType = "com.apple.product-type.tool";
		};
		E174BE302E51361B00BB3125 /* RoboSantaSpeaker */ = {
			isa = PBXNativeTarget;
			buildConfigurationList = E174BE372E51361B00BB3125 /* Build configuration list for PBXNativeTarget "RoboSantaSpeaker" */;
			buildPhases = (
				E174BE2D2E51361B00BB3125 /* Sources */,
				E174BE2E2E51361B00BB3125 /* Frameworks */,
				E174BE2F2E51361B00BB3125 /* CopyFiles */,
			);
			buildRules = (
			);
			dependencies = (
			);
			fileSystemSynchronizedGroups = (
				E174BE322E51361B00BB3125 /* RoboSantaSpeaker */,
			);
			name = RoboSantaSpeaker;
			packageProductDependencies = (
			);
			productName = RoboSantaSpeaker;
			productReference = E174BE312E51361B00BB3125 /* RoboSantaSpeaker */;
			productType = "com.apple.product-type.tool";
		};
/* End PBXNativeTarget section */

/* Begin PBXProject section */
		E103C7612E4E671D007662B4 /* Project object */ = {
			isa = PBXProject;
			attributes = {
				BuildIndependentTargetsInParallel = 1;
				LastSwiftUpdateCheck = 2600;
				LastUpgradeCheck = 2600;
				TargetAttributes = {
					E103C7682E4E671D007662B4 = {
						CreatedOnToolsVersion = 26.0;
						LastSwiftMigration = 2600;
					};
					E174BE302E51361B00BB3125 = {
						CreatedOnToolsVersion = 26.0;
					};
				};
			};
			buildConfigurationList = E103C7642E4E671D007662B4 /* Build configuration list for PBXProject "RoboSanta" */;
			developmentRegion = en;
			hasScannedForEncodings = 0;
			knownRegions = (
				en,
				Base,
			);
			mainGroup = E103C7602E4E671D007662B4;
			minimizedProjectReferenceProxies = 1;
			preferredProjectObjectVersion = 77;
			productRefGroup = E103C76A2E4E671D007662B4 /* Products */;
			projectDirPath = "";
			projectReferences = (
				{
					ProductGroup = E174BC332E51349700BB3125 /* Products */;
					ProjectRef = E174BC322E51349700BB3125 /* RoboSantaSpeaker.xcodeproj */;
				},
			);
			projectRoot = "";
			targets = (
				E103C7682E4E671D007662B4 /* RoboSanta */,
				E174BE302E51361B00BB3125 /* RoboSantaSpeaker */,
			);
		};
/* End PBXProject section */

/* Begin PBXSourcesBuildPhase section */
		E103C7652E4E671D007662B4 /* Sources */ = {
			isa = PBXSourcesBuildPhase;
			buildActionMask = 2147483647;
			files = (
			);
			runOnlyForDeploymentPostprocessing = 0;
		};
		E174BE2D2E51361B00BB3125 /* Sources */ = {
			isa = PBXSourcesBuildPhase;
			buildActionMask = 2147483647;
			files = (
			);
			runOnlyForDeploymentPostprocessing = 0;
		};
/* End PBXSourcesBuildPhase section */

/* Begin PBXTargetDependency section */
		E174BE3C2E51376300BB3125 /* PBXTargetDependency */ = {
			isa = PBXTargetDependency;
			target = E174BE302E51361B00BB3125 /* RoboSantaSpeaker */;
			targetProxy = E174BE3B2E51376300BB3125 /* PBXContainerItemProxy */;
		};
/* End PBXTargetDependency section */

/* Begin XCBuildConfiguration section */
		E103C76E2E4E671D007662B4 /* Debug */ = {
			isa = XCBuildConfiguration;
			buildSettings = {
				ALWAYS_SEARCH_USER_PATHS = NO;
				ASSETCATALOG_COMPILER_GENERATE_SWIFT_ASSET_SYMBOL_EXTENSIONS = YES;
				CLANG_ANALYZER_NONNULL = YES;
				CLANG_ANALYZER_NUMBER_OBJECT_CONVERSION = YES_AGGRESSIVE;
				CLANG_CXX_LANGUAGE_STANDARD = "gnu++20";
				CLANG_ENABLE_MODULES = YES;
				CLANG_ENABLE_OBJC_ARC = YES;
				CLANG_ENABLE_OBJC_WEAK = YES;
				CLANG_WARN_BLOCK_CAPTURE_AUTORELEASING = YES;
				CLANG_WARN_BOOL_CONVERSION = YES;
				CLANG_WARN_COMMA = YES;
				CLANG_WARN_CONSTANT_CONVERSION = YES;
				CLANG_WARN_DEPRECATED_OBJC_IMPLEMENTATIONS = YES;
				CLANG_WARN_DIRECT_OBJC_ISA_USAGE = YES_ERROR;
				CLANG_WARN_DOCUMENTATION_COMMENTS = YES;
				CLANG_WARN_EMPTY_BODY = YES;
				CLANG_WARN_ENUM_CONVERSION = YES;
				CLANG_WARN_INFINITE_RECURSION = YES;
				CLANG_WARN_INT_CONVERSION = YES;
				CLANG_WARN_NON_LITERAL_NULL_CONVERSION = YES;
				CLANG_WARN_OBJC_IMPLICIT_RETAIN_SELF = YES;
				CLANG_WARN_OBJC_LITERAL_CONVERSION = YES;
				CLANG_WARN_OBJC_ROOT_CLASS = YES_ERROR;
				CLANG_WARN_QUOTED_INCLUDE_IN_FRAMEWORK_HEADER = YES;
				CLANG_WARN_RANGE_LOOP_ANALYSIS = YES;
				CLANG_WARN_STRICT_PROTOTYPES = YES;
				CLANG_WARN_SUSPICIOUS_MOVE = YES;
				CLANG_WARN_UNGUARDED_AVAILABILITY = YES_AGGRESSIVE;
				CLANG_WARN_UNREACHABLE_CODE = YES;
				CLANG_WARN__DUPLICATE_METHOD_MATCH = YES;
				COPY_PHASE_STRIP = NO;
				DEBUG_INFORMATION_FORMAT = dwarf;
				ENABLE_STRICT_OBJC_MSGSEND = YES;
				ENABLE_TESTABILITY = YES;
				ENABLE_USER_SCRIPT_SANDBOXING = YES;
				GCC_C_LANGUAGE_STANDARD = gnu17;
				GCC_DYNAMIC_NO_PIC = NO;
				GCC_NO_COMMON_BLOCKS = YES;
				GCC_OPTIMIZATION_LEVEL = 0;
				GCC_PREPROCESSOR_DEFINITIONS = (
					"DEBUG=1",
					"$(inherited)",
				);
				GCC_WARN_64_TO_32_BIT_CONVERSION = YES;
				GCC_WARN_ABOUT_RETURN_TYPE = YES_ERROR;
				GCC_WARN_UNDECLARED_SELECTOR = YES;
				GCC_WARN_UNINITIALIZED_AUTOS = YES_AGGRESSIVE;
				GCC_WARN_UNUSED_FUNCTION = YES;
				GCC_WARN_UNUSED_VARIABLE = YES;
				LOCALIZATION_PREFERS_STRING_CATALOGS = YES;
				MACOSX_DEPLOYMENT_TARGET = 26.0;
				MTL_ENABLE_DEBUG_INFO = INCLUDE_SOURCE;
				MTL_FAST_MATH = YES;
				ONLY_ACTIVE_ARCH = YES;
				SDKROOT = macosx;
				SWIFT_ACTIVE_COMPILATION_CONDITIONS = "DEBUG $(inherited)";
				SWIFT_OPTIMIZATION_LEVEL = "-Onone";
			};
			name = Debug;
		};
		E103C76F2E4E671D007662B4 /* Release */ = {
			isa = XCBuildConfiguration;
			buildSettings = {
				ALWAYS_SEARCH_USER_PATHS = NO;
				ASSETCATALOG_COMPILER_GENERATE_SWIFT_ASSET_SYMBOL_EXTENSIONS = YES;
				CLANG_ANALYZER_NONNULL = YES;
				CLANG_ANALYZER_NUMBER_OBJECT_CONVERSION = YES_AGGRESSIVE;
				CLANG_CXX_LANGUAGE_STANDARD = "gnu++20";
				CLANG_ENABLE_MODULES = YES;
				CLANG_ENABLE_OBJC_ARC = YES;
				CLANG_ENABLE_OBJC_WEAK = YES;
				CLANG_WARN_BLOCK_CAPTURE_AUTORELEASING = YES;
				CLANG_WARN_BOOL_CONVERSION = YES;
				CLANG_WARN_COMMA = YES;
				CLANG_WARN_CONSTANT_CONVERSION = YES;
				CLANG_WARN_DEPRECATED_OBJC_IMPLEMENTATIONS = YES;
				CLANG_WARN_DIRECT_OBJC_ISA_USAGE = YES_ERROR;
				CLANG_WARN_DOCUMENTATION_COMMENTS = YES;
				CLANG_WARN_EMPTY_BODY = YES;
				CLANG_WARN_ENUM_CONVERSION = YES;
				CLANG_WARN_INFINITE_RECURSION = YES;
				CLANG_WARN_INT_CONVERSION = YES;
				CLANG_WARN_NON_LITERAL_NULL_CONVERSION = YES;
				CLANG_WARN_OBJC_IMPLICIT_RETAIN_SELF = YES;
				CLANG_WARN_OBJC_LITERAL_CONVERSION = YES;
				CLANG_WARN_OBJC_ROOT_CLASS = YES_ERROR;
				CLANG_WARN_QUOTED_INCLUDE_IN_FRAMEWORK_HEADER = YES;
				CLANG_WARN_RANGE_LOOP_ANALYSIS = YES;
				CLANG_WARN_STRICT_PROTOTYPES = YES;
				CLANG_WARN_SUSPICIOUS_MOVE = YES;
				CLANG_WARN_UNGUARDED_AVAILABILITY = YES_AGGRESSIVE;
				CLANG_WARN_UNREACHABLE_CODE = YES;
				CLANG_WARN__DUPLICATE_METHOD_MATCH = YES;
				COPY_PHASE_STRIP = NO;
				DEBUG_INFORMATION_FORMAT = "dwarf-with-dsym";
				ENABLE_NS_ASSERTIONS = NO;
				ENABLE_STRICT_OBJC_MSGSEND = YES;
				ENABLE_USER_SCRIPT_SANDBOXING = YES;
				GCC_C_LANGUAGE_STANDARD = gnu17;
				GCC_NO_COMMON_BLOCKS = YES;
				GCC_WARN_64_TO_32_BIT_CONVERSION = YES;
				GCC_WARN_ABOUT_RETURN_TYPE = YES_ERROR;
				GCC_WARN_UNDECLARED_SELECTOR = YES;
				GCC_WARN_UNINITIALIZED_AUTOS = YES_AGGRESSIVE;
				GCC_WARN_UNUSED_FUNCTION = YES;
				GCC_WARN_UNUSED_VARIABLE = YES;
				LOCALIZATION_PREFERS_STRING_CATALOGS = YES;
				MACOSX_DEPLOYMENT_TARGET = 26.0;
				MTL_ENABLE_DEBUG_INFO = NO;
				MTL_FAST_MATH = YES;
				SDKROOT = macosx;
				SWIFT_COMPILATION_MODE = wholemodule;
			};
			name = Release;
		};
		E103C7712E4E671D007662B4 /* Debug */ = {
			isa = XCBuildConfiguration;
			buildSettings = {
				CLANG_ENABLE_MODULES = YES;
				CODE_SIGN_STYLE = Automatic;
				DEVELOPMENT_ASSET_PATHS = "";
				DEVELOPMENT_TEAM = U69L99G3AF;
				FRAMEWORK_SEARCH_PATHS = (
					"$(inherited)",
					"$(LOCAL_LIBRARY_DIR)/Frameworks",
				);
				GCC_GENERATE_DEBUGGING_SYMBOLS = YES;
				MACOSX_DEPLOYMENT_TARGET = 26.0;
				"PRODUCT_BUNDLE_IDENTIFIER[sdk=macosx*]" = net.pardeike.lab;
				PRODUCT_NAME = "$(TARGET_NAME)";
				SWIFT_APPROACHABLE_CONCURRENCY = YES;
				SWIFT_OBJC_BRIDGING_HEADER = "RoboSanta/RoboSanta-Bridging-Header.h";
				SWIFT_OPTIMIZATION_LEVEL = "-Onone";
				SWIFT_UPCOMING_FEATURE_MEMBER_IMPORT_VISIBILITY = YES;
				SWIFT_VERSION = 5.0;
			};
			name = Debug;
		};
		E103C7722E4E671D007662B4 /* Release */ = {
			isa = XCBuildConfiguration;
			buildSettings = {
				CLANG_ENABLE_MODULES = YES;
				CODE_SIGN_STYLE = Automatic;
				DEBUG_INFORMATION_FORMAT = dwarf;
				DEVELOPMENT_ASSET_PATHS = "";
				DEVELOPMENT_TEAM = U69L99G3AF;
				FRAMEWORK_SEARCH_PATHS = (
					"$(inherited)",
					"$(LOCAL_LIBRARY_DIR)/Frameworks",
				);
				GCC_GENERATE_DEBUGGING_SYMBOLS = YES;
				MACOSX_DEPLOYMENT_TARGET = 26.0;
				"PRODUCT_BUNDLE_IDENTIFIER[sdk=macosx*]" = net.pardeike.lab;
				PRODUCT_NAME = "$(TARGET_NAME)";
				SWIFT_APPROACHABLE_CONCURRENCY = YES;
				SWIFT_OBJC_BRIDGING_HEADER = "RoboSanta/RoboSanta-Bridging-Header.h";
				SWIFT_UPCOMING_FEATURE_MEMBER_IMPORT_VISIBILITY = YES;
				SWIFT_VERSION = 5.0;
			};
			name = Release;
		};
		E174BE352E51361B00BB3125 /* Debug */ = {
			isa = XCBuildConfiguration;
			buildSettings = {
				AUTOMATION_APPLE_EVENTS = NO;
				CODE_SIGN_STYLE = Automatic;
				DEVELOPMENT_TEAM = U69L99G3AF;
				ENABLE_HARDENED_RUNTIME = NO;
				ENABLE_RESOURCE_ACCESS_AUDIO_INPUT = NO;
				ENABLE_RESOURCE_ACCESS_CALENDARS = NO;
				ENABLE_RESOURCE_ACCESS_CAMERA = NO;
				ENABLE_RESOURCE_ACCESS_CONTACTS = NO;
				ENABLE_RESOURCE_ACCESS_LOCATION = NO;
				ENABLE_RESOURCE_ACCESS_PHOTO_LIBRARY = NO;
				"PRODUCT_BUNDLE_IDENTIFIER[sdk=macosx*]" = net.pardeike.lab;
				PRODUCT_NAME = "$(TARGET_NAME)";
				RUNTIME_EXCEPTION_ALLOW_DYLD_ENVIRONMENT_VARIABLES = NO;
				RUNTIME_EXCEPTION_ALLOW_JIT = NO;
				RUNTIME_EXCEPTION_ALLOW_UNSIGNED_EXECUTABLE_MEMORY = NO;
				RUNTIME_EXCEPTION_DEBUGGING_TOOL = NO;
				RUNTIME_EXCEPTION_DISABLE_EXECUTABLE_PAGE_PROTECTION = NO;
				RUNTIME_EXCEPTION_DISABLE_LIBRARY_VALIDATION = NO;
				SWIFT_APPROACHABLE_CONCURRENCY = YES;
				SWIFT_UPCOMING_FEATURE_MEMBER_IMPORT_VISIBILITY = YES;
				SWIFT_VERSION = 5.0;
			};
			name = Debug;
		};
		E174BE362E51361B00BB3125 /* Release */ = {
			isa = XCBuildConfiguration;
			buildSettings = {
				AUTOMATION_APPLE_EVENTS = NO;
				CODE_SIGN_STYLE = Automatic;
				DEVELOPMENT_TEAM = U69L99G3AF;
				ENABLE_HARDENED_RUNTIME = NO;
				ENABLE_RESOURCE_ACCESS_AUDIO_INPUT = NO;
				ENABLE_RESOURCE_ACCESS_CALENDARS = NO;
				ENABLE_RESOURCE_ACCESS_CAMERA = NO;
				ENABLE_RESOURCE_ACCESS_CONTACTS = NO;
				ENABLE_RESOURCE_ACCESS_LOCATION = NO;
				ENABLE_RESOURCE_ACCESS_PHOTO_LIBRARY = NO;
				"PRODUCT_BUNDLE_IDENTIFIER[sdk=macosx*]" = net.pardeike.lab;
				PRODUCT_NAME = "$(TARGET_NAME)";
				RUNTIME_EXCEPTION_ALLOW_DYLD_ENVIRONMENT_VARIABLES = NO;
				RUNTIME_EXCEPTION_ALLOW_JIT = NO;
				RUNTIME_EXCEPTION_ALLOW_UNSIGNED_EXECUTABLE_MEMORY = NO;
				RUNTIME_EXCEPTION_DEBUGGING_TOOL = NO;
				RUNTIME_EXCEPTION_DISABLE_EXECUTABLE_PAGE_PROTECTION = NO;
				RUNTIME_EXCEPTION_DISABLE_LIBRARY_VALIDATION = NO;
				SWIFT_APPROACHABLE_CONCURRENCY = YES;
				SWIFT_UPCOMING_FEATURE_MEMBER_IMPORT_VISIBILITY = YES;
				SWIFT_VERSION = 5.0;
			};
			name = Release;
		};
/* End XCBuildConfiguration section */

/* Begin XCConfigurationList section */
		E103C7642E4E671D007662B4 /* Build configuration list for PBXProject "RoboSanta" */ = {
			isa = XCConfigurationList;
			buildConfigurations = (
				E103C76E2E4E671D007662B4 /* Debug */,
				E103C76F2E4E671D007662B4 /* Release */,
			);
			defaultConfigurationIsVisible = 0;
			defaultConfigurationName = Release;
		};
		E103C7702E4E671D007662B4 /* Build configuration list for PBXNativeTarget "RoboSanta" */ = {
			isa = XCConfigurationList;
			buildConfigurations = (
				E103C7712E4E671D007662B4 /* Debug */,
				E103C7722E4E671D007662B4 /* Release */,
			);
			defaultConfigurationIsVisible = 0;
			defaultConfigurationName = Release;
		};
		E174BE372E51361B00BB3125 /* Build configuration list for PBXNativeTarget "RoboSantaSpeaker" */ = {
			isa = XCConfigurationList;
			buildConfigurations = (
				E174BE352E51361B00BB3125 /* Debug */,
				E174BE362E51361B00BB3125 /* Release */,
			);
			defaultConfigurationIsVisible = 0;
			defaultConfigurationName = Release;
		};
/* End XCConfigurationList section */
	};
	rootObject = E103C7612E4E671D007662B4 /* Project object */;
}
